{
  "requires": true,
  "lockfileVersion": 1,
  "dependencies": {
    "@ionic/angular": {
      "version": "6.0.5",
      "resolved": "https://verdaccio.projektionisten.de/@ionic%2fangular/-/angular-6.0.5.tgz",
      "integrity": "sha512-qO5shWyk2fx/MuoW0ocyB3FWZ7SvKZh6mVouVV59mD3YguNpe+fmrgXAvnq4C5xcy/9ZJ6xIsa8wsywX/Z36sg==",
      "requires": {
        "@ionic/core": "^6.0.5",
        "jsonc-parser": "^3.0.0",
        "tslib": "^2.0.0"
      }
    },
    "@ionic/core": {
      "version": "6.0.5",
      "resolved": "https://verdaccio.projektionisten.de/@ionic%2fcore/-/core-6.0.5.tgz",
      "integrity": "sha512-qCGBihMoIpvSAn3rmZ0imWWfpu02Ulbysq4O4JIB3xTwH3MUCPaMILOVq5e++lp3zessXzNLu8OKTOHarOZSzw==",
      "requires": {
        "@stencil/core": "~2.12.0",
        "ionicons": "^6.0.0",
        "tslib": "^2.1.0"
      }
    },
    "@stencil/core": {
      "version": "2.12.1",
      "resolved": "https://verdaccio.projektionisten.de/@stencil%2fcore/-/core-2.12.1.tgz",
      "integrity": "sha512-u24TZ+FEvjnZt5ZgIkLjLpUNsO6Ml3mUZqwmqk81w6RWWz75hgB5p4RFI5rvuErFeh2xvMIGo+pNdG24XUBz1A=="
    },
    "ionicons": {
      "version": "6.0.1",
      "resolved": "https://verdaccio.projektionisten.de/ionicons/-/ionicons-6.0.1.tgz",
      "integrity": "sha512-xQekOJsxH82O7oB+3F60zeRggCdND9pJ/k0E6IJDVUGGlCj5mlyFqNgxUimytKgstPGv3S+3EmCxjefvtGgWUg==",
      "requires": {
        "@stencil/core": "~2.12.0"
      }
    },
    "jsonc-parser": {
      "version": "3.0.0",
      "resolved": "https://verdaccio.projektionisten.de/jsonc-parser/-/jsonc-parser-3.0.0.tgz",
      "integrity": "sha512-fQzRfAbIBnR0IQvftw9FJveWiHp72Fg20giDrHz6TdfB12UH/uue0D3hm57UB5KgAVuniLMCaS8P1IMj9NR7cA=="
    },
    "tslib": {
      "version": "2.3.1",
      "resolved": "https://verdaccio.projektionisten.de/tslib/-/tslib-2.3.1.tgz",
      "integrity": "sha512-77EbyPPpMz+FRFRuAFlWMtmgUWGe9UOG2Z25NqCwiIjRhOf5iKGuzSe5P2w1laq+FkRy4p+PCuVkJSGkzTEKVw=="
    }
  }
}
